
Microsoft Visual Studio Solution File, Format Version 12.00
# Visual Studio 15
Project("{FAE04EC0-301F-11D3-BF4B-00C04F79EFBC}") = "Game2", "Assembly-CSharp.csproj", "{8BF8F3C2-9201-845E-E2D6-7D1C2D02936D}"
EndProject
Global
	GlobalSection(SolutionConfigurationPlatforms) = preSolution
		Debug|Any CPU = Debug|Any CPU
		Release|Any CPU = Release|Any CPU
	EndGlobalSection
	GlobalSection(ProjectConfigurationPlatforms) = postSolution
		{8BF8F3C2-9201-845E-E2D6-7D1C2D02936D}.Debug|Any CPU.ActiveCfg = Debug|Any CPU
		{8BF8F3C2-9201-845E-E2D6-7D1C2D02936D}.Debug|Any CPU.Build.0 = Debug|Any CPU
		{8BF8F3C2-9201-845E-E2D6-7D1C2D02936D}.Release|Any CPU.ActiveCfg = Release|Any CPU
		{8BF8F3C2-9201-845E-E2D6-7D1C2D02936D}.Release|Any CPU.Build.0 = Release|Any CPU
	EndGlobalSection
	GlobalSection(SolutionProperties) = preSolution
		HideSolutionNode = FALSE
	EndGlobalSection
EndGlobal
